
Microsoft Visual Studio Solution File, Format Version 12.00
# Visual Studio Version 17
VisualStudioVersion = 17.11.35327.3
MinimumVisualStudioVersion = 10.0.40219.1
Project("{FAE04EC0-301F-11D3-BF4B-00C04F79EFBC}") = "WEBAPI_LAB3", "WEBAPI_LAB3\WEBAPI_LAB3.csproj", "{59EA0825-F34B-4DCA-A293-09B8C0698372}"
EndProject
Global
	GlobalSection(SolutionConfigurationPlatforms) = preSolution
		Debug|Any CPU = Debug|Any CPU
		Release|Any CPU = Release|Any CPU
	EndGlobalSection
	GlobalSection(ProjectConfigurationPlatforms) = postSolution
		{59EA0825-F34B-4DCA-A293-09B8C0698372}.Debug|Any CPU.ActiveCfg = Debug|Any CPU
		{59EA0825-F34B-4DCA-A293-09B8C0698372}.Debug|Any CPU.Build.0 = Debug|Any CPU
		{59EA0825-F34B-4DCA-A293-09B8C0698372}.Release|Any CPU.ActiveCfg = Release|Any CPU
		{59EA0825-F34B-4DCA-A293-09B8C0698372}.Release|Any CPU.Build.0 = Release|Any CPU
	EndGlobalSection
	GlobalSection(SolutionProperties) = preSolution
		HideSolutionNode = FALSE
	EndGlobalSection
	GlobalSection(ExtensibilityGlobals) = postSolution
		SolutionGuid = {EE1068E7-9AA0-431E-846B-C513290B7F22}
	EndGlobalSection
EndGlobal
